{
  "name": "@zenditplatform/zendit-sdk-example",
  "version": "1.1.0",
  "lockfileVersion": 3,
  "requires": true,
  "packages": {
    "": {
      "name": "@zenditplatform/zendit-sdk-example",
      "version": "1.1.0",
      "license": "MIT",
      "dependencies": {
        "@zenditplatform/zendit-sdk": "^1.1.0",
        "dotenv": "^16.0.3",
        "uuid": "^9.0.0"
      },
      "devDependencies": {
        "typescript": "^4.0"
      }
    },
    "node_modules/@zenditplatform/zendit-sdk": {
      "version": "1.1.0",
      "resolved": "https://npm.pkg.github.com/download/@zenditplatform/zendit-sdk/1.1.0/26581edc5f87c6245cf85644a0bafb36e2f574ba",
      "integrity": "sha512-DLcir2TVRmfxJKo3OfNTW2r2eQzVbuIB3DgWjH8CywFQmjV3H2PzDd9zxtSXnBkK7Id+ds58fe3I2JDJG3ZacQ==",
      "license": "MIT"
    },
    "node_modules/dotenv": {
      "version": "16.0.3",
      "resolved": "https://registry.npmjs.org/dotenv/-/dotenv-16.0.3.tgz",
      "integrity": "sha512-7GO6HghkA5fYG9TYnNxi14/7K9f5occMlp3zXAuSxn7CKCxt9xbNWG7yF8hTCSUchlfWSe3uLmlPfigevRItzQ==",
      "engines": {
        "node": ">=12"
      }
    },
    "node_modules/typescript": {
      "version": "4.9.5",
      "resolved": "https://registry.npmjs.org/typescript/-/typescript-4.9.5.tgz",
      "integrity": "sha512-1FXk9E2Hm+QzZQ7z+McJiHL4NW1F2EzMu9Nq9i3zAaGqibafqYwCVU6WyWAuyQRRzOlxou8xZSyXLEN8oKj24g==",
      "dev": true,
      "bin": {
        "tsc": "bin/tsc",
        "tsserver": "bin/tsserver"
      },
      "engines": {
        "node": ">=4.2.0"
      }
    },
    "node_modules/uuid": {
      "version": "9.0.0",
      "resolved": "https://registry.npmjs.org/uuid/-/uuid-9.0.0.tgz",
      "integrity": "sha512-MXcSTerfPa4uqyzStbRoTgt5XIe3x5+42+q1sDuy3R5MDk66URdLMOZe5aPX/SQd+kuYAh0FdP/pO28IkQyTeg==",
      "bin": {
        "uuid": "dist/bin/uuid"
      }
    }
  }
}
