{
  "name": "@zenditplatform/zendit-sdk-example",
  "version": "1.1.0",
  "lockfileVersion": 3,
  "requires": true,
  "packages": {
    "": {
      "name": "@zenditplatform/zendit-sdk-example",
      "version": "1.1.0",
      "license": "MIT",
      "dependencies": {
        "@zenditplatform/zendit-sdk": "~1.2.0",
        "dotenv": "^16.0.3",
        "uuid": "^9.0.0"
      },
      "devDependencies": {
        "typescript": "^4.0"
      }
    },
    "node_modules/@zenditplatform/zendit-sdk": {
      "version": "1.2.0",
      "resolved": "https://npm.pkg.github.com/download/@zenditplatform/zendit-sdk/1.2.0/fd1522b04493b62acfa27bc3d469de4f5d1b3f2e",
      "integrity": "sha512-avpjcN6CK6IR840W8X9XFOzNeVvrZEyqySc43ImxDDX5SJDbd7gzkUyupTrNqpK+fI4ut5JhOH40ed/ZWaWbyA==",
      "license": "MIT",
      "engines": {
        "node": ">=17.5"
      }
    },
    "node_modules/dotenv": {
      "version": "16.3.1",
      "resolved": "https://registry.npmjs.org/dotenv/-/dotenv-16.3.1.tgz",
      "integrity": "sha512-IPzF4w4/Rd94bA9imS68tZBaYyBWSCE47V1RGuMrB94iyTOIEwRmVL2x/4An+6mETpLrKJ5hQkB8W4kFAadeIQ==",
      "engines": {
        "node": ">=12"
      },
      "funding": {
        "url": "https://github.com/motdotla/dotenv?sponsor=1"
      }
    },
    "node_modules/typescript": {
      "version": "4.9.5",
      "resolved": "https://registry.npmjs.org/typescript/-/typescript-4.9.5.tgz",
      "integrity": "sha512-1FXk9E2Hm+QzZQ7z+McJiHL4NW1F2EzMu9Nq9i3zAaGqibafqYwCVU6WyWAuyQRRzOlxou8xZSyXLEN8oKj24g==",
      "dev": true,
      "bin": {
        "tsc": "bin/tsc",
        "tsserver": "bin/tsserver"
      },
      "engines": {
        "node": ">=4.2.0"
      }
    },
    "node_modules/uuid": {
      "version": "9.0.1",
      "resolved": "https://registry.npmjs.org/uuid/-/uuid-9.0.1.tgz",
      "integrity": "sha512-b+1eJOlsR9K8HJpow9Ok3fiWOWSIcIzXodvv0rQjVoOVNpWMpxf1wZNpt4y9h10odCNrqnYp1OBzRktckBe3sA==",
      "funding": [
        "https://github.com/sponsors/broofa",
        "https://github.com/sponsors/ctavan"
      ],
      "bin": {
        "uuid": "dist/bin/uuid"
      }
    }
  }
}
